
Microsoft Visual Studio Solution File, Format Version 12.00
# Visual Studio Version 17
VisualStudioVersion = 17.11.35431.28
MinimumVisualStudioVersion = 10.0.40219.1
Project("{FAE04EC0-301F-11D3-BF4B-00C04F79EFBC}") = "st1", "st1.csproj", "{6DF2448A-95F8-4E48-B07E-66D3D9E70D93}"
EndProject
Global
	GlobalSection(SolutionConfigurationPlatforms) = preSolution
		Debug|Any CPU = Debug|Any CPU
		Release|Any CPU = Release|Any CPU
	EndGlobalSection
	GlobalSection(ProjectConfigurationPlatforms) = postSolution
		{6DF2448A-95F8-4E48-B07E-66D3D9E70D93}.Debug|Any CPU.ActiveCfg = Debug|Any CPU
		{6DF2448A-95F8-4E48-B07E-66D3D9E70D93}.Debug|Any CPU.Build.0 = Debug|Any CPU
		{6DF2448A-95F8-4E48-B07E-66D3D9E70D93}.Release|Any CPU.ActiveCfg = Release|Any CPU
		{6DF2448A-95F8-4E48-B07E-66D3D9E70D93}.Release|Any CPU.Build.0 = Release|Any CPU
	EndGlobalSection
	GlobalSection(SolutionProperties) = preSolution
		HideSolutionNode = FALSE
	EndGlobalSection
	GlobalSection(ExtensibilityGlobals) = postSolution
		SolutionGuid = {0BD2469E-FE36-4564-837D-E02CEFDC6C80}
	EndGlobalSection
EndGlobal
